
Microsoft Visual Studio Solution File, Format Version 12.00
# Visual Studio Version 16
VisualStudioVersion = 16.0.29020.237
MinimumVisualStudioVersion = 10.0.40219.1
Project("{FAE04EC0-301F-11D3-BF4B-00C04F79EFBC}") = "Cs483.ConsoleApp", "Cs483.ConsoleApp\Cs483.ConsoleApp.csproj", "{B8DBDD16-4C0B-43AD-B2E4-780DD9068F0F}"
EndProject
Global
	GlobalSection(SolutionConfigurationPlatforms) = preSolution
		Debug|Any CPU = Debug|Any CPU
		Release|Any CPU = Release|Any CPU
	EndGlobalSection
	GlobalSection(ProjectConfigurationPlatforms) = postSolution
		{B8DBDD16-4C0B-43AD-B2E4-780DD9068F0F}.Debug|Any CPU.ActiveCfg = Debug|Any CPU
		{B8DBDD16-4C0B-43AD-B2E4-780DD9068F0F}.Debug|Any CPU.Build.0 = Debug|Any CPU
		{B8DBDD16-4C0B-43AD-B2E4-780DD9068F0F}.Release|Any CPU.ActiveCfg = Release|Any CPU
		{B8DBDD16-4C0B-43AD-B2E4-780DD9068F0F}.Release|Any CPU.Build.0 = Release|Any CPU
	EndGlobalSection
	GlobalSection(SolutionProperties) = preSolution
		HideSolutionNode = FALSE
	EndGlobalSection
	GlobalSection(ExtensibilityGlobals) = postSolution
		SolutionGuid = {A5496633-6D14-4C08-B239-C5C4A0198812}
	EndGlobalSection
EndGlobal
